
Microsoft Visual Studio Solution File, Format Version 12.00
# Visual Studio 14
VisualStudioVersion = 14.0.25420.1
MinimumVisualStudioVersion = 10.0.40219.1
Project("{FAE04EC0-301F-11D3-BF4B-00C04F79EFBC}") = "Backgammon", "BackGammon\BackGammon\Backgammon.csproj", "{DFCB9FB0-8570-41BF-9110-4CDB5495785A}"
EndProject
Project("{FAE04EC0-301F-11D3-BF4B-00C04F79EFBC}") = "BreakingAnywhere", "ConsoleApplication\BreakingAnywhere.csproj", "{790CFBB2-B956-46B0-B1BD-296235F8B76B}"
	ProjectSection(ProjectDependencies) = postProject
		{04BA6AB6-8313-4BE7-BA57-367CAC2DAF99} = {04BA6AB6-8313-4BE7-BA57-367CAC2DAF99}
	EndProjectSection
EndProject
Project("{2150E333-8FDC-42A3-9474-1A3956D46DE8}") = "Breakinpoints", "Breakinpoints", "{D0D3E1E8-DF07-4344-A31F-92EFF5A1B928}"
EndProject
Project("{FAE04EC0-301F-11D3-BF4B-00C04F79EFBC}") = "SomeClassLibrary", "SomeClassLibrary\SomeClassLibrary.csproj", "{04BA6AB6-8313-4BE7-BA57-367CAC2DAF99}"
EndProject
Project("{FAE04EC0-301F-11D3-BF4B-00C04F79EFBC}") = "OzCodeDemo", "OzCodeDemo\OzCodeDemo.csproj", "{41EE8839-E161-4478-8F98-FB1C3B3E5A81}"
EndProject
Project("{FAE04EC0-301F-11D3-BF4B-00C04F79EFBC}") = "ExportUnitTests", "ExportUnitTests\ExportUnitTests.csproj", "{3FD6209A-BE95-440C-8FAA-7D0FB87A725F}"
EndProject
Project("{FAE04EC0-301F-11D3-BF4B-00C04F79EFBC}") = "ConditionalBreakpoint", "ConditionalBreakpoint\ConditionalBreakpoint.csproj", "{EDF92E2C-3627-489A-80FE-8E8C69F4EC3E}"
EndProject
Project("{FAE04EC0-301F-11D3-BF4B-00C04F79EFBC}") = "Common", "Common\Common.csproj", "{B406389E-5111-4AC0-ABF9-693E9ED8CEE6}"
EndProject
Project("{2150E333-8FDC-42A3-9474-1A3956D46DE8}") = "Comparing", "Comparing", "{6DE4EACA-FCD9-4325-B4F3-40AA975AA4DF}"
EndProject
Project("{FAE04EC0-301F-11D3-BF4B-00C04F79EFBC}") = "ObjectIdentity", "ObjectIdentity\ObjectIdentity.csproj", "{2740C663-6864-4727-A6D6-E46E655900C8}"
EndProject
Project("{2150E333-8FDC-42A3-9474-1A3956D46DE8}") = "Shared", "Shared", "{D42C9B3F-932D-4561-A996-6F2ACCC842F8}"
EndProject
Project("{2150E333-8FDC-42A3-9474-1A3956D46DE8}") = "PostMortem", "PostMortem", "{28542F4C-DE74-41CD-88D3-5C5286285884}"
EndProject
Project("{FAE04EC0-301F-11D3-BF4B-00C04F79EFBC}") = "DataBreakpoint", "DataBreakpoint\DataBreakpoint.csproj", "{BFAD79A5-17AB-4A27-A2D1-01254B170A84}"
EndProject
Project("{2150E333-8FDC-42A3-9474-1A3956D46DE8}") = "LINQ", "LINQ", "{7A43BDED-CF6E-4F36-83C1-D26F6CE77C98}"
EndProject
Project("{FAE04EC0-301F-11D3-BF4B-00C04F79EFBC}") = "DebuggingLinq", "DebuggingLinq\DebuggingLinq.csproj", "{DB3AC41E-4BF0-41E8-9615-0DEFAE6D782D}"
EndProject
Project("{2150E333-8FDC-42A3-9474-1A3956D46DE8}") = "Exceptions", "Exceptions", "{FB912DB5-0EA7-4D7D-B56D-ED1194763458}"
EndProject
Project("{FAE04EC0-301F-11D3-BF4B-00C04F79EFBC}") = "ExceptionTrail", "ExceptionTrail\ExceptionTrail.csproj", "{1F6B9F9B-FCD0-4CAE-90A6-84A198BBB3C6}"
EndProject
Project("{FAE04EC0-301F-11D3-BF4B-00C04F79EFBC}") = "PredictTheException", "PredictTheException\PredictTheException.csproj", "{E1B88D27-F20E-43E5-8328-5C3972709E2D}"
EndProject
Project("{2150E333-8FDC-42A3-9474-1A3956D46DE8}") = "DebuggingMultithreaded", "DebuggingMultithreaded", "{5DFBB26E-ED91-40C7-94C9-AB91838A2C9F}"
EndProject
Project("{FAE04EC0-301F-11D3-BF4B-00C04F79EFBC}") = "InvoiceSender", "InvoiceSender\InvoiceSender.csproj", "{EE401509-7482-467F-A621-E09CE4271099}"
EndProject
Global
	GlobalSection(SolutionConfigurationPlatforms) = preSolution
		Debug|Any CPU = Debug|Any CPU
		Release|Any CPU = Release|Any CPU
	EndGlobalSection
	GlobalSection(ProjectConfigurationPlatforms) = postSolution
		{DFCB9FB0-8570-41BF-9110-4CDB5495785A}.Debug|Any CPU.ActiveCfg = Debug|Any CPU
		{DFCB9FB0-8570-41BF-9110-4CDB5495785A}.Debug|Any CPU.Build.0 = Debug|Any CPU
		{DFCB9FB0-8570-41BF-9110-4CDB5495785A}.Release|Any CPU.ActiveCfg = Release|Any CPU
		{DFCB9FB0-8570-41BF-9110-4CDB5495785A}.Release|Any CPU.Build.0 = Release|Any CPU
		{790CFBB2-B956-46B0-B1BD-296235F8B76B}.Debug|Any CPU.ActiveCfg = Debug|Any CPU
		{790CFBB2-B956-46B0-B1BD-296235F8B76B}.Debug|Any CPU.Build.0 = Debug|Any CPU
		{790CFBB2-B956-46B0-B1BD-296235F8B76B}.Release|Any CPU.ActiveCfg = Release|Any CPU
		{790CFBB2-B956-46B0-B1BD-296235F8B76B}.Release|Any CPU.Build.0 = Release|Any CPU
		{04BA6AB6-8313-4BE7-BA57-367CAC2DAF99}.Debug|Any CPU.ActiveCfg = Debug|Any CPU
		{04BA6AB6-8313-4BE7-BA57-367CAC2DAF99}.Debug|Any CPU.Build.0 = Debug|Any CPU
		{04BA6AB6-8313-4BE7-BA57-367CAC2DAF99}.Release|Any CPU.ActiveCfg = Release|Any CPU
		{04BA6AB6-8313-4BE7-BA57-367CAC2DAF99}.Release|Any CPU.Build.0 = Release|Any CPU
		{41EE8839-E161-4478-8F98-FB1C3B3E5A81}.Debug|Any CPU.ActiveCfg = Debug|Any CPU
		{41EE8839-E161-4478-8F98-FB1C3B3E5A81}.Debug|Any CPU.Build.0 = Debug|Any CPU
		{41EE8839-E161-4478-8F98-FB1C3B3E5A81}.Release|Any CPU.ActiveCfg = Release|Any CPU
		{41EE8839-E161-4478-8F98-FB1C3B3E5A81}.Release|Any CPU.Build.0 = Release|Any CPU
		{3FD6209A-BE95-440C-8FAA-7D0FB87A725F}.Debug|Any CPU.ActiveCfg = Debug|Any CPU
		{3FD6209A-BE95-440C-8FAA-7D0FB87A725F}.Debug|Any CPU.Build.0 = Debug|Any CPU
		{3FD6209A-BE95-440C-8FAA-7D0FB87A725F}.Release|Any CPU.ActiveCfg = Release|Any CPU
		{3FD6209A-BE95-440C-8FAA-7D0FB87A725F}.Release|Any CPU.Build.0 = Release|Any CPU
		{EDF92E2C-3627-489A-80FE-8E8C69F4EC3E}.Debug|Any CPU.ActiveCfg = Debug|Any CPU
		{EDF92E2C-3627-489A-80FE-8E8C69F4EC3E}.Debug|Any CPU.Build.0 = Debug|Any CPU
		{EDF92E2C-3627-489A-80FE-8E8C69F4EC3E}.Release|Any CPU.ActiveCfg = Release|Any CPU
		{EDF92E2C-3627-489A-80FE-8E8C69F4EC3E}.Release|Any CPU.Build.0 = Release|Any CPU
		{B406389E-5111-4AC0-ABF9-693E9ED8CEE6}.Debug|Any CPU.ActiveCfg = Debug|Any CPU
		{B406389E-5111-4AC0-ABF9-693E9ED8CEE6}.Debug|Any CPU.Build.0 = Debug|Any CPU
		{B406389E-5111-4AC0-ABF9-693E9ED8CEE6}.Release|Any CPU.ActiveCfg = Release|Any CPU
		{B406389E-5111-4AC0-ABF9-693E9ED8CEE6}.Release|Any CPU.Build.0 = Release|Any CPU
		{2740C663-6864-4727-A6D6-E46E655900C8}.Debug|Any CPU.ActiveCfg = Debug|Any CPU
		{2740C663-6864-4727-A6D6-E46E655900C8}.Debug|Any CPU.Build.0 = Debug|Any CPU
		{2740C663-6864-4727-A6D6-E46E655900C8}.Release|Any CPU.ActiveCfg = Release|Any CPU
		{2740C663-6864-4727-A6D6-E46E655900C8}.Release|Any CPU.Build.0 = Release|Any CPU
		{BFAD79A5-17AB-4A27-A2D1-01254B170A84}.Debug|Any CPU.ActiveCfg = Debug|Any CPU
		{BFAD79A5-17AB-4A27-A2D1-01254B170A84}.Debug|Any CPU.Build.0 = Debug|Any CPU
		{BFAD79A5-17AB-4A27-A2D1-01254B170A84}.Release|Any CPU.ActiveCfg = Release|Any CPU
		{BFAD79A5-17AB-4A27-A2D1-01254B170A84}.Release|Any CPU.Build.0 = Release|Any CPU
		{DB3AC41E-4BF0-41E8-9615-0DEFAE6D782D}.Debug|Any CPU.ActiveCfg = Debug|Any CPU
		{DB3AC41E-4BF0-41E8-9615-0DEFAE6D782D}.Debug|Any CPU.Build.0 = Debug|Any CPU
		{DB3AC41E-4BF0-41E8-9615-0DEFAE6D782D}.Release|Any CPU.ActiveCfg = Release|Any CPU
		{DB3AC41E-4BF0-41E8-9615-0DEFAE6D782D}.Release|Any CPU.Build.0 = Release|Any CPU
		{1F6B9F9B-FCD0-4CAE-90A6-84A198BBB3C6}.Debug|Any CPU.ActiveCfg = Debug|Any CPU
		{1F6B9F9B-FCD0-4CAE-90A6-84A198BBB3C6}.Debug|Any CPU.Build.0 = Debug|Any CPU
		{1F6B9F9B-FCD0-4CAE-90A6-84A198BBB3C6}.Release|Any CPU.ActiveCfg = Release|Any CPU
		{1F6B9F9B-FCD0-4CAE-90A6-84A198BBB3C6}.Release|Any CPU.Build.0 = Release|Any CPU
		{E1B88D27-F20E-43E5-8328-5C3972709E2D}.Debug|Any CPU.ActiveCfg = Debug|Any CPU
		{E1B88D27-F20E-43E5-8328-5C3972709E2D}.Debug|Any CPU.Build.0 = Debug|Any CPU
		{E1B88D27-F20E-43E5-8328-5C3972709E2D}.Release|Any CPU.ActiveCfg = Release|Any CPU
		{E1B88D27-F20E-43E5-8328-5C3972709E2D}.Release|Any CPU.Build.0 = Release|Any CPU
		{EE401509-7482-467F-A621-E09CE4271099}.Debug|Any CPU.ActiveCfg = Debug|Any CPU
		{EE401509-7482-467F-A621-E09CE4271099}.Debug|Any CPU.Build.0 = Debug|Any CPU
		{EE401509-7482-467F-A621-E09CE4271099}.Release|Any CPU.ActiveCfg = Release|Any CPU
		{EE401509-7482-467F-A621-E09CE4271099}.Release|Any CPU.Build.0 = Release|Any CPU
	EndGlobalSection
	GlobalSection(SolutionProperties) = preSolution
		HideSolutionNode = FALSE
	EndGlobalSection
	GlobalSection(NestedProjects) = preSolution
		{DFCB9FB0-8570-41BF-9110-4CDB5495785A} = {28542F4C-DE74-41CD-88D3-5C5286285884}
		{790CFBB2-B956-46B0-B1BD-296235F8B76B} = {D0D3E1E8-DF07-4344-A31F-92EFF5A1B928}
		{04BA6AB6-8313-4BE7-BA57-367CAC2DAF99} = {D0D3E1E8-DF07-4344-A31F-92EFF5A1B928}
		{EDF92E2C-3627-489A-80FE-8E8C69F4EC3E} = {D0D3E1E8-DF07-4344-A31F-92EFF5A1B928}
		{B406389E-5111-4AC0-ABF9-693E9ED8CEE6} = {D42C9B3F-932D-4561-A996-6F2ACCC842F8}
		{2740C663-6864-4727-A6D6-E46E655900C8} = {6DE4EACA-FCD9-4325-B4F3-40AA975AA4DF}
		{BFAD79A5-17AB-4A27-A2D1-01254B170A84} = {D0D3E1E8-DF07-4344-A31F-92EFF5A1B928}
		{DB3AC41E-4BF0-41E8-9615-0DEFAE6D782D} = {7A43BDED-CF6E-4F36-83C1-D26F6CE77C98}
		{1F6B9F9B-FCD0-4CAE-90A6-84A198BBB3C6} = {FB912DB5-0EA7-4D7D-B56D-ED1194763458}
		{E1B88D27-F20E-43E5-8328-5C3972709E2D} = {FB912DB5-0EA7-4D7D-B56D-ED1194763458}
		{EE401509-7482-467F-A621-E09CE4271099} = {5DFBB26E-ED91-40C7-94C9-AB91838A2C9F}
	EndGlobalSection
EndGlobal
